// !$*UTF8*$!
{
	archiveVersion = 1;
	classes = {
	};
	objectVersion = 46;
	objects = {

/* Begin PBXBuildFile section */
		BC08BD611D231A300082445F /* Localizable.strings in Resources */ = {isa = PBXBuildFile; fileRef = BC08BD631D231A300082445F /* Localizable.strings */; };
		BC08BD651D231B350082445F /* PayForm.storyboard in Resources */ = {isa = PBXBuildFile; fileRef = BC08BD681D231B350082445F /* PayForm.storyboard */; };
		BC08BD661D231B350082445F /* PayForm.storyboard in Resources */ = {isa = PBXBuildFile; fileRef = BC08BD681D231B350082445F /* PayForm.storyboard */; };
		BC9AF2A81CFF6B31003AD818 /* PayForm.h in Headers */ = {isa = PBXBuildFile; fileRef = BC9AF2A71CFF6B31003AD818 /* PayForm.h */; settings = {ATTRIBUTES = (Public, ); }; };
		BC9AF2AF1CFF6B32003AD818 /* PayForm.framework in Frameworks */ = {isa = PBXBuildFile; fileRef = BC9AF2A41CFF6B31003AD818 /* PayForm.framework */; };
		BC9AF2B41CFF6B32003AD818 /* PayFormTests.swift in Sources */ = {isa = PBXBuildFile; fileRef = BC9AF2B31CFF6B32003AD818 /* PayFormTests.swift */; };
		BC9AF2C21CFF6BAE003AD818 /* PayFormViewController.swift in Sources */ = {isa = PBXBuildFile; fileRef = BC9AF2C11CFF6BAE003AD818 /* PayFormViewController.swift */; };
		BC9AF2C41CFF6BB6003AD818 /* ProcessingViewController.swift in Sources */ = {isa = PBXBuildFile; fileRef = BC9AF2C31CFF6BB6003AD818 /* ProcessingViewController.swift */; };
		BC9AF2C81CFF6BCA003AD818 /* Images.xcassets in Resources */ = {isa = PBXBuildFile; fileRef = BC9AF2C71CFF6BCA003AD818 /* Images.xcassets */; };
		BC9AF2CA1D00F20B003AD818 /* AddressViewController.swift in Sources */ = {isa = PBXBuildFile; fileRef = BC9AF2C91D00F20B003AD818 /* AddressViewController.swift */; };
		BC9AF2CE1D00F28E003AD818 /* PaymentViewController.swift in Sources */ = {isa = PBXBuildFile; fileRef = BC9AF2CD1D00F28E003AD818 /* PaymentViewController.swift */; };
		BC9AF2D01D00F67B003AD818 /* BorderedView.swift in Sources */ = {isa = PBXBuildFile; fileRef = BC9AF2CF1D00F67B003AD818 /* BorderedView.swift */; };
		BCA6B4D61D0206600070B92C /* NextStepCell.swift in Sources */ = {isa = PBXBuildFile; fileRef = BCA6B4D51D0206600070B92C /* NextStepCell.swift */; };
		BCA6B4D81D0206C30070B92C /* BorderedViewCell.swift in Sources */ = {isa = PBXBuildFile; fileRef = BCA6B4D71D0206C30070B92C /* BorderedViewCell.swift */; };
		BCA6B4DA1D0206EA0070B92C /* DualBorderedViewCell.swift in Sources */ = {isa = PBXBuildFile; fileRef = BCA6B4D91D0206EA0070B92C /* DualBorderedViewCell.swift */; };
		BCA6B4DC1D02128F0070B92C /* BillingIsSameViewCell.swift in Sources */ = {isa = PBXBuildFile; fileRef = BCA6B4DB1D02128F0070B92C /* BillingIsSameViewCell.swift */; };
		BCA6B4DE1D02173A0070B92C /* Address.swift in Sources */ = {isa = PBXBuildFile; fileRef = BCA6B4DD1D02173A0070B92C /* Address.swift */; };
		BCA6B4E61D021D730070B92C /* AppDelegate.swift in Sources */ = {isa = PBXBuildFile; fileRef = BCA6B4E51D021D730070B92C /* AppDelegate.swift */; };
		BCA6B4E81D021D730070B92C /* ViewController.swift in Sources */ = {isa = PBXBuildFile; fileRef = BCA6B4E71D021D730070B92C /* ViewController.swift */; };
		BCA6B4EB1D021D730070B92C /* Main.storyboard in Resources */ = {isa = PBXBuildFile; fileRef = BCA6B4E91D021D730070B92C /* Main.storyboard */; };
		BCA6B4ED1D021D730070B92C /* Assets.xcassets in Resources */ = {isa = PBXBuildFile; fileRef = BCA6B4EC1D021D730070B92C /* Assets.xcassets */; };
		BCA6B4F01D021D730070B92C /* LaunchScreen.storyboard in Resources */ = {isa = PBXBuildFile; fileRef = BCA6B4EE1D021D730070B92C /* LaunchScreen.storyboard */; };
		BCA6B4FF1D021DB10070B92C /* Images.xcassets in Resources */ = {isa = PBXBuildFile; fileRef = BC9AF2C71CFF6BCA003AD818 /* Images.xcassets */; };
		BCA6B5011D021E620070B92C /* PayButton.swift in Sources */ = {isa = PBXBuildFile; fileRef = BCA6B5001D021E620070B92C /* PayButton.swift */; };
		BCA6B5061D023EF50070B92C /* NavigationController.swift in Sources */ = {isa = PBXBuildFile; fileRef = BCA6B5051D023EF50070B92C /* NavigationController.swift */; };
		BCA6B5081D023FB00070B92C /* NavigationController.swift in Sources */ = {isa = PBXBuildFile; fileRef = BCA6B5051D023EF50070B92C /* NavigationController.swift */; };
		BCA6B5091D023FB40070B92C /* PayFormViewController.swift in Sources */ = {isa = PBXBuildFile; fileRef = BC9AF2C11CFF6BAE003AD818 /* PayFormViewController.swift */; };
		BCA6B50A1D023FB80070B92C /* AddressViewController.swift in Sources */ = {isa = PBXBuildFile; fileRef = BC9AF2C91D00F20B003AD818 /* AddressViewController.swift */; };
		BCA6B50B1D023FBC0070B92C /* PaymentViewController.swift in Sources */ = {isa = PBXBuildFile; fileRef = BC9AF2CD1D00F28E003AD818 /* PaymentViewController.swift */; };
		BCA6B50C1D023FC00070B92C /* ProcessingViewController.swift in Sources */ = {isa = PBXBuildFile; fileRef = BC9AF2C31CFF6BB6003AD818 /* ProcessingViewController.swift */; };
		BCA6B50D1D023FC40070B92C /* Address.swift in Sources */ = {isa = PBXBuildFile; fileRef = BCA6B4DD1D02173A0070B92C /* Address.swift */; };
		BCA6B50E1D023FC80070B92C /* BorderedView.swift in Sources */ = {isa = PBXBuildFile; fileRef = BC9AF2CF1D00F67B003AD818 /* BorderedView.swift */; };
		BCA6B50F1D023FCC0070B92C /* BorderedViewCell.swift in Sources */ = {isa = PBXBuildFile; fileRef = BCA6B4D71D0206C30070B92C /* BorderedViewCell.swift */; };
		BCA6B5101D023FD00070B92C /* DualBorderedViewCell.swift in Sources */ = {isa = PBXBuildFile; fileRef = BCA6B4D91D0206EA0070B92C /* DualBorderedViewCell.swift */; };
		BCA6B5111D023FD40070B92C /* BillingIsSameViewCell.swift in Sources */ = {isa = PBXBuildFile; fileRef = BCA6B4DB1D02128F0070B92C /* BillingIsSameViewCell.swift */; };
		BCA6B5121D023FD90070B92C /* NextStepCell.swift in Sources */ = {isa = PBXBuildFile; fileRef = BCA6B4D51D0206600070B92C /* NextStepCell.swift */; };
		BCA6B5141D0777B50070B92C /* StringHexColor.swift in Sources */ = {isa = PBXBuildFile; fileRef = BCA6B5131D0777B50070B92C /* StringHexColor.swift */; };
		BCA6B5151D0777B50070B92C /* StringHexColor.swift in Sources */ = {isa = PBXBuildFile; fileRef = BCA6B5131D0777B50070B92C /* StringHexColor.swift */; };
		BCA6B51A1D09E5560070B92C /* CreditCardValidator.swift in Sources */ = {isa = PBXBuildFile; fileRef = BCA6B5191D09E5560070B92C /* CreditCardValidator.swift */; };
		BCA6B51B1D09E5560070B92C /* CreditCardValidator.swift in Sources */ = {isa = PBXBuildFile; fileRef = BCA6B5191D09E5560070B92C /* CreditCardValidator.swift */; };
		BCA6B51C1D0A031E0070B92C /* CreditCardValidator.swift in Sources */ = {isa = PBXBuildFile; fileRef = BCA6B5191D09E5560070B92C /* CreditCardValidator.swift */; };
		BCA6B51E1D0B4EAD0070B92C /* EmailValidator.swift in Sources */ = {isa = PBXBuildFile; fileRef = BCA6B51D1D0B4EAD0070B92C /* EmailValidator.swift */; };
		BCA6B51F1D0B4EAD0070B92C /* EmailValidator.swift in Sources */ = {isa = PBXBuildFile; fileRef = BCA6B51D1D0B4EAD0070B92C /* EmailValidator.swift */; };
		BCA6B5201D0B509D0070B92C /* EmailValidator.swift in Sources */ = {isa = PBXBuildFile; fileRef = BCA6B51D1D0B4EAD0070B92C /* EmailValidator.swift */; };
		BCA6B5221D0F64110070B92C /* Settings.swift in Sources */ = {isa = PBXBuildFile; fileRef = BCA6B5211D0F64110070B92C /* Settings.swift */; };
		BCA6B5231D0F64110070B92C /* Settings.swift in Sources */ = {isa = PBXBuildFile; fileRef = BCA6B5211D0F64110070B92C /* Settings.swift */; };
		BCA6B5251D11D4AF0070B92C /* State.swift in Sources */ = {isa = PBXBuildFile; fileRef = BCA6B5241D11D4AF0070B92C /* State.swift */; };
		BCA6B5261D11D4AF0070B92C /* State.swift in Sources */ = {isa = PBXBuildFile; fileRef = BCA6B5241D11D4AF0070B92C /* State.swift */; };
/* End PBXBuildFile section */

/* Begin PBXContainerItemProxy section */
		BC9AF2B01CFF6B32003AD818 /* PBXContainerItemProxy */ = {
			isa = PBXContainerItemProxy;
			containerPortal = BC9AF29B1CFF6B31003AD818 /* Project object */;
			proxyType = 1;
			remoteGlobalIDString = BC9AF2A31CFF6B31003AD818;
			remoteInfo = PayForm;
		};
/* End PBXContainerItemProxy section */

/* Begin PBXFileReference section */
		BC08BD5D1D231A040082445F /* fr-CA */ = {isa = PBXFileReference; lastKnownFileType = text.plist.strings; name = "fr-CA"; path = "fr-CA.lproj/Main.strings"; sourceTree = "<group>"; };
		BC08BD5E1D231A040082445F /* fr-CA */ = {isa = PBXFileReference; lastKnownFileType = text.plist.strings; name = "fr-CA"; path = "fr-CA.lproj/LaunchScreen.strings"; sourceTree = "<group>"; };
		BC08BD621D231A300082445F /* en */ = {isa = PBXFileReference; lastKnownFileType = text.plist.strings; name = en; path = en.lproj/Localizable.strings; sourceTree = "<group>"; };
		BC08BD641D231A330082445F /* fr-CA */ = {isa = PBXFileReference; lastKnownFileType = text.plist.strings; name = "fr-CA"; path = "fr-CA.lproj/Localizable.strings"; sourceTree = "<group>"; };
		BC08BD671D231B350082445F /* Base */ = {isa = PBXFileReference; lastKnownFileType = file.storyboard; name = Base; path = Base.lproj/PayForm.storyboard; sourceTree = "<group>"; };
		BC08BD6A1D231B390082445F /* fr-CA */ = {isa = PBXFileReference; lastKnownFileType = text.plist.strings; name = "fr-CA"; path = "fr-CA.lproj/PayForm.strings"; sourceTree = "<group>"; };
		BC9AF2A41CFF6B31003AD818 /* PayForm.framework */ = {isa = PBXFileReference; explicitFileType = wrapper.framework; includeInIndex = 0; path = PayForm.framework; sourceTree = BUILT_PRODUCTS_DIR; };
		BC9AF2A71CFF6B31003AD818 /* PayForm.h */ = {isa = PBXFileReference; lastKnownFileType = sourcecode.c.h; path = PayForm.h; sourceTree = "<group>"; };
		BC9AF2A91CFF6B31003AD818 /* Info.plist */ = {isa = PBXFileReference; lastKnownFileType = text.plist.xml; path = Info.plist; sourceTree = "<group>"; };
		BC9AF2AE1CFF6B32003AD818 /* PayFormTests.xctest */ = {isa = PBXFileReference; explicitFileType = wrapper.cfbundle; includeInIndex = 0; path = PayFormTests.xctest; sourceTree = BUILT_PRODUCTS_DIR; };
		BC9AF2B31CFF6B32003AD818 /* PayFormTests.swift */ = {isa = PBXFileReference; lastKnownFileType = sourcecode.swift; path = PayFormTests.swift; sourceTree = "<group>"; };
		BC9AF2B51CFF6B32003AD818 /* Info.plist */ = {isa = PBXFileReference; lastKnownFileType = text.plist.xml; path = Info.plist; sourceTree = "<group>"; };
		BC9AF2C11CFF6BAE003AD818 /* PayFormViewController.swift */ = {isa = PBXFileReference; fileEncoding = 4; lastKnownFileType = sourcecode.swift; path = PayFormViewController.swift; sourceTree = "<group>"; };
		BC9AF2C31CFF6BB6003AD818 /* ProcessingViewController.swift */ = {isa = PBXFileReference; fileEncoding = 4; lastKnownFileType = sourcecode.swift; path = ProcessingViewController.swift; sourceTree = "<group>"; };
		BC9AF2C71CFF6BCA003AD818 /* Images.xcassets */ = {isa = PBXFileReference; lastKnownFileType = folder.assetcatalog; path = Images.xcassets; sourceTree = "<group>"; };
		BC9AF2C91D00F20B003AD818 /* AddressViewController.swift */ = {isa = PBXFileReference; fileEncoding = 4; lastKnownFileType = sourcecode.swift; path = AddressViewController.swift; sourceTree = "<group>"; };
		BC9AF2CD1D00F28E003AD818 /* PaymentViewController.swift */ = {isa = PBXFileReference; fileEncoding = 4; lastKnownFileType = sourcecode.swift; path = PaymentViewController.swift; sourceTree = "<group>"; };
		BC9AF2CF1D00F67B003AD818 /* BorderedView.swift */ = {isa = PBXFileReference; fileEncoding = 4; lastKnownFileType = sourcecode.swift; path = BorderedView.swift; sourceTree = "<group>"; };
		BCA6B4D51D0206600070B92C /* NextStepCell.swift */ = {isa = PBXFileReference; fileEncoding = 4; lastKnownFileType = sourcecode.swift; path = NextStepCell.swift; sourceTree = "<group>"; };
		BCA6B4D71D0206C30070B92C /* BorderedViewCell.swift */ = {isa = PBXFileReference; fileEncoding = 4; lastKnownFileType = sourcecode.swift; path = BorderedViewCell.swift; sourceTree = "<group>"; };
		BCA6B4D91D0206EA0070B92C /* DualBorderedViewCell.swift */ = {isa = PBXFileReference; fileEncoding = 4; lastKnownFileType = sourcecode.swift; path = DualBorderedViewCell.swift; sourceTree = "<group>"; };
		BCA6B4DB1D02128F0070B92C /* BillingIsSameViewCell.swift */ = {isa = PBXFileReference; fileEncoding = 4; lastKnownFileType = sourcecode.swift; path = BillingIsSameViewCell.swift; sourceTree = "<group>"; };
		BCA6B4DD1D02173A0070B92C /* Address.swift */ = {isa = PBXFileReference; fileEncoding = 4; lastKnownFileType = sourcecode.swift; path = Address.swift; sourceTree = "<group>"; };
		BCA6B4E31D021D730070B92C /* PayFormDemo.app */ = {isa = PBXFileReference; explicitFileType = wrapper.application; includeInIndex = 0; path = PayFormDemo.app; sourceTree = BUILT_PRODUCTS_DIR; };
		BCA6B4E51D021D730070B92C /* AppDelegate.swift */ = {isa = PBXFileReference; lastKnownFileType = sourcecode.swift; path = AppDelegate.swift; sourceTree = "<group>"; };
		BCA6B4E71D021D730070B92C /* ViewController.swift */ = {isa = PBXFileReference; lastKnownFileType = sourcecode.swift; path = ViewController.swift; sourceTree = "<group>"; };
		BCA6B4EA1D021D730070B92C /* Base */ = {isa = PBXFileReference; lastKnownFileType = file.storyboard; name = Base; path = Base.lproj/Main.storyboard; sourceTree = "<group>"; };
		BCA6B4EC1D021D730070B92C /* Assets.xcassets */ = {isa = PBXFileReference; lastKnownFileType = folder.assetcatalog; path = Assets.xcassets; sourceTree = "<group>"; };
		BCA6B4EF1D021D730070B92C /* Base */ = {isa = PBXFileReference; lastKnownFileType = file.storyboard; name = Base; path = Base.lproj/LaunchScreen.storyboard; sourceTree = "<group>"; };
		BCA6B4F11D021D730070B92C /* Info.plist */ = {isa = PBXFileReference; lastKnownFileType = text.plist.xml; path = Info.plist; sourceTree = "<group>"; };
		BCA6B5001D021E620070B92C /* PayButton.swift */ = {isa = PBXFileReference; fileEncoding = 4; lastKnownFileType = sourcecode.swift; path = PayButton.swift; sourceTree = "<group>"; };
		BCA6B5051D023EF50070B92C /* NavigationController.swift */ = {isa = PBXFileReference; fileEncoding = 4; lastKnownFileType = sourcecode.swift; path = NavigationController.swift; sourceTree = "<group>"; };
		BCA6B5131D0777B50070B92C /* StringHexColor.swift */ = {isa = PBXFileReference; fileEncoding = 4; lastKnownFileType = sourcecode.swift; path = StringHexColor.swift; sourceTree = "<group>"; };
		BCA6B5191D09E5560070B92C /* CreditCardValidator.swift */ = {isa = PBXFileReference; fileEncoding = 4; lastKnownFileType = sourcecode.swift; path = CreditCardValidator.swift; sourceTree = "<group>"; };
		BCA6B51D1D0B4EAD0070B92C /* EmailValidator.swift */ = {isa = PBXFileReference; fileEncoding = 4; lastKnownFileType = sourcecode.swift; path = EmailValidator.swift; sourceTree = "<group>"; };
		BCA6B5211D0F64110070B92C /* Settings.swift */ = {isa = PBXFileReference; fileEncoding = 4; lastKnownFileType = sourcecode.swift; path = Settings.swift; sourceTree = "<group>"; };
		BCA6B5241D11D4AF0070B92C /* State.swift */ = {isa = PBXFileReference; fileEncoding = 4; lastKnownFileType = sourcecode.swift; path = State.swift; sourceTree = "<group>"; };
/* End PBXFileReference section */

/* Begin PBXFrameworksBuildPhase section */
		BC9AF2A01CFF6B31003AD818 /* Frameworks */ = {
			isa = PBXFrameworksBuildPhase;
			buildActionMask = 2147483647;
			files = (
			);
			runOnlyForDeploymentPostprocessing = 0;
		};
		BC9AF2AB1CFF6B32003AD818 /* Frameworks */ = {
			isa = PBXFrameworksBuildPhase;
			buildActionMask = 2147483647;
			files = (
				BC9AF2AF1CFF6B32003AD818 /* PayForm.framework in Frameworks */,
			);
			runOnlyForDeploymentPostprocessing = 0;
		};
		BCA6B4E01D021D730070B92C /* Frameworks */ = {
			isa = PBXFrameworksBuildPhase;
			buildActionMask = 2147483647;
			files = (
			);
			runOnlyForDeploymentPostprocessing = 0;
		};
/* End PBXFrameworksBuildPhase section */

/* Begin PBXGroup section */
		BC9AF29A1CFF6B31003AD818 = {
			isa = PBXGroup;
			children = (
				BC9AF2A61CFF6B31003AD818 /* PayForm */,
				BC9AF2B21CFF6B32003AD818 /* PayFormTests */,
				BCA6B4E41D021D730070B92C /* PayFormDemo */,
				BC9AF2A51CFF6B31003AD818 /* Products */,
			);
			sourceTree = "<group>";
		};
		BC9AF2A51CFF6B31003AD818 /* Products */ = {
			isa = PBXGroup;
			children = (
				BC9AF2A41CFF6B31003AD818 /* PayForm.framework */,
				BC9AF2AE1CFF6B32003AD818 /* PayFormTests.xctest */,
				BCA6B4E31D021D730070B92C /* PayFormDemo.app */,
			);
			name = Products;
			sourceTree = "<group>";
		};
		BC9AF2A61CFF6B31003AD818 /* PayForm */ = {
			isa = PBXGroup;
			children = (
				BC9AF2BE1CFF6B90003AD818 /* Classes */,
				BC9AF2C01CFF6B9A003AD818 /* Resources */,
				BC9AF2A71CFF6B31003AD818 /* PayForm.h */,
				BC9AF2A91CFF6B31003AD818 /* Info.plist */,
			);
			path = PayForm;
			sourceTree = "<group>";
		};
		BC9AF2B21CFF6B32003AD818 /* PayFormTests */ = {
			isa = PBXGroup;
			children = (
				BC9AF2B31CFF6B32003AD818 /* PayFormTests.swift */,
				BC9AF2B51CFF6B32003AD818 /* Info.plist */,
			);
			path = PayFormTests;
			sourceTree = "<group>";
		};
		BC9AF2BE1CFF6B90003AD818 /* Classes */ = {
			isa = PBXGroup;
			children = (
				BCA6B5051D023EF50070B92C /* NavigationController.swift */,
				BC9AF2C11CFF6BAE003AD818 /* PayFormViewController.swift */,
				BC9AF2C91D00F20B003AD818 /* AddressViewController.swift */,
				BC9AF2CD1D00F28E003AD818 /* PaymentViewController.swift */,
				BC9AF2C31CFF6BB6003AD818 /* ProcessingViewController.swift */,
				BC9AF2BF1CFF6B90003AD818 /* Utils */,
			);
			path = Classes;
			sourceTree = "<group>";
		};
		BC9AF2BF1CFF6B90003AD818 /* Utils */ = {
			isa = PBXGroup;
			children = (
				BCA6B4DD1D02173A0070B92C /* Address.swift */,
				BC9AF2CF1D00F67B003AD818 /* BorderedView.swift */,
				BCA6B4D71D0206C30070B92C /* BorderedViewCell.swift */,
				BCA6B4D91D0206EA0070B92C /* DualBorderedViewCell.swift */,
				BCA6B4DB1D02128F0070B92C /* BillingIsSameViewCell.swift */,
				BCA6B4D51D0206600070B92C /* NextStepCell.swift */,
				BCA6B5131D0777B50070B92C /* StringHexColor.swift */,
				BCA6B5191D09E5560070B92C /* CreditCardValidator.swift */,
				BCA6B51D1D0B4EAD0070B92C /* EmailValidator.swift */,
				BCA6B5211D0F64110070B92C /* Settings.swift */,
				BCA6B5241D11D4AF0070B92C /* State.swift */,
			);
			path = Utils;
			sourceTree = "<group>";
		};
		BC9AF2C01CFF6B9A003AD818 /* Resources */ = {
			isa = PBXGroup;
			children = (
				BC08BD681D231B350082445F /* PayForm.storyboard */,
				BC9AF2C71CFF6BCA003AD818 /* Images.xcassets */,
				BC08BD631D231A300082445F /* Localizable.strings */,
			);
			path = Resources;
			sourceTree = "<group>";
		};
		BCA6B4E41D021D730070B92C /* PayFormDemo */ = {
			isa = PBXGroup;
			children = (
				BCA6B4E51D021D730070B92C /* AppDelegate.swift */,
				BCA6B4E71D021D730070B92C /* ViewController.swift */,
				BCA6B5001D021E620070B92C /* PayButton.swift */,
				BCA6B4E91D021D730070B92C /* Main.storyboard */,
				BCA6B4EC1D021D730070B92C /* Assets.xcassets */,
				BCA6B4EE1D021D730070B92C /* LaunchScreen.storyboard */,
				BCA6B4F11D021D730070B92C /* Info.plist */,
			);
			path = PayFormDemo;
			sourceTree = "<group>";
		};
/* End PBXGroup section */

/* Begin PBXHeadersBuildPhase section */
		BC9AF2A11CFF6B31003AD818 /* Headers */ = {
			isa = PBXHeadersBuildPhase;
			buildActionMask = 2147483647;
			files = (
				BC9AF2A81CFF6B31003AD818 /* PayForm.h in Headers */,
			);
			runOnlyForDeploymentPostprocessing = 0;
		};
/* End PBXHeadersBuildPhase section */

/* Begin PBXNativeTarget section */
		BC9AF2A31CFF6B31003AD818 /* PayForm */ = {
			isa = PBXNativeTarget;
			buildConfigurationList = BC9AF2B81CFF6B32003AD818 /* Build configuration list for PBXNativeTarget "PayForm" */;
			buildPhases = (
				BC9AF29F1CFF6B31003AD818 /* Sources */,
				BC9AF2A01CFF6B31003AD818 /* Frameworks */,
				BC9AF2A11CFF6B31003AD818 /* Headers */,
				BC9AF2A21CFF6B31003AD818 /* Resources */,
			);
			buildRules = (
			);
			dependencies = (
			);
			name = PayForm;
			productName = PayForm;
			productReference = BC9AF2A41CFF6B31003AD818 /* PayForm.framework */;
			productType = "com.apple.product-type.framework";
		};
		BC9AF2AD1CFF6B32003AD818 /* PayFormTests */ = {
			isa = PBXNativeTarget;
			buildConfigurationList = BC9AF2BB1CFF6B32003AD818 /* Build configuration list for PBXNativeTarget "PayFormTests" */;
			buildPhases = (
				BC9AF2AA1CFF6B32003AD818 /* Sources */,
				BC9AF2AB1CFF6B32003AD818 /* Frameworks */,
				BC9AF2AC1CFF6B32003AD818 /* Resources */,
			);
			buildRules = (
			);
			dependencies = (
				BC9AF2B11CFF6B32003AD818 /* PBXTargetDependency */,
			);
			name = PayFormTests;
			productName = PayFormTests;
			productReference = BC9AF2AE1CFF6B32003AD818 /* PayFormTests.xctest */;
			productType = "com.apple.product-type.bundle.unit-test";
		};
		BCA6B4E21D021D730070B92C /* PayFormDemo */ = {
			isa = PBXNativeTarget;
			buildConfigurationList = BCA6B4F21D021D730070B92C /* Build configuration list for PBXNativeTarget "PayFormDemo" */;
			buildPhases = (
				BCA6B4DF1D021D730070B92C /* Sources */,
				BCA6B4E01D021D730070B92C /* Frameworks */,
				BCA6B4E11D021D730070B92C /* Resources */,
			);
			buildRules = (
			);
			dependencies = (
			);
			name = PayFormDemo;
			productName = PayFormDemo;
			productReference = BCA6B4E31D021D730070B92C /* PayFormDemo.app */;
			productType = "com.apple.product-type.application";
		};
/* End PBXNativeTarget section */

/* Begin PBXProject section */
		BC9AF29B1CFF6B31003AD818 /* Project object */ = {
			isa = PBXProject;
			attributes = {
				LastSwiftUpdateCheck = 0730;
				LastUpgradeCheck = 0730;
				ORGANIZATIONNAME = "Beanstream Internet Commerce, Inc.";
				TargetAttributes = {
					BC9AF2A31CFF6B31003AD818 = {
						CreatedOnToolsVersion = 7.3.1;
					};
					BC9AF2AD1CFF6B32003AD818 = {
						CreatedOnToolsVersion = 7.3.1;
					};
					BCA6B4E21D021D730070B92C = {
						CreatedOnToolsVersion = 7.3.1;
						DevelopmentTeam = 6GT2VUY2JR;
					};
				};
			};
			buildConfigurationList = BC9AF29E1CFF6B31003AD818 /* Build configuration list for PBXProject "PayForm" */;
			compatibilityVersion = "Xcode 3.2";
			developmentRegion = English;
			hasScannedForEncodings = 0;
			knownRegions = (
				en,
				Base,
				"fr-CA",
			);
			mainGroup = BC9AF29A1CFF6B31003AD818;
			productRefGroup = BC9AF2A51CFF6B31003AD818 /* Products */;
			projectDirPath = "";
			projectRoot = "";
			targets = (
				BC9AF2A31CFF6B31003AD818 /* PayForm */,
				BC9AF2AD1CFF6B32003AD818 /* PayFormTests */,
				BCA6B4E21D021D730070B92C /* PayFormDemo */,
			);
		};
/* End PBXProject section */

/* Begin PBXResourcesBuildPhase section */
		BC9AF2A21CFF6B31003AD818 /* Resources */ = {
			isa = PBXResourcesBuildPhase;
			buildActionMask = 2147483647;
			files = (
				BC08BD651D231B350082445F /* PayForm.storyboard in Resources */,
				BC08BD611D231A300082445F /* Localizable.strings in Resources */,
				BC9AF2C81CFF6BCA003AD818 /* Images.xcassets in Resources */,
			);
			runOnlyForDeploymentPostprocessing = 0;
		};
		BC9AF2AC1CFF6B32003AD818 /* Resources */ = {
			isa = PBXResourcesBuildPhase;
			buildActionMask = 2147483647;
			files = (
			);
			runOnlyForDeploymentPostprocessing = 0;
		};
		BCA6B4E11D021D730070B92C /* Resources */ = {
			isa = PBXResourcesBuildPhase;
			buildActionMask = 2147483647;
			files = (
				BCA6B4F01D021D730070B92C /* LaunchScreen.storyboard in Resources */,
				BCA6B4FF1D021DB10070B92C /* Images.xcassets in Resources */,
				BCA6B4ED1D021D730070B92C /* Assets.xcassets in Resources */,
				BCA6B4EB1D021D730070B92C /* Main.storyboard in Resources */,
				BC08BD661D231B350082445F /* PayForm.storyboard in Resources */,
			);
			runOnlyForDeploymentPostprocessing = 0;
		};
/* End PBXResourcesBuildPhase section */

/* Begin PBXSourcesBuildPhase section */
		BC9AF29F1CFF6B31003AD818 /* Sources */ = {
			isa = PBXSourcesBuildPhase;
			buildActionMask = 2147483647;
			files = (
				BCA6B5061D023EF50070B92C /* NavigationController.swift in Sources */,
				BCA6B51E1D0B4EAD0070B92C /* EmailValidator.swift in Sources */,
				BCA6B4D61D0206600070B92C /* NextStepCell.swift in Sources */,
				BC9AF2C21CFF6BAE003AD818 /* PayFormViewController.swift in Sources */,
				BC9AF2D01D00F67B003AD818 /* BorderedView.swift in Sources */,
				BCA6B4DC1D02128F0070B92C /* BillingIsSameViewCell.swift in Sources */,
				BCA6B4DE1D02173A0070B92C /* Address.swift in Sources */,
				BCA6B5251D11D4AF0070B92C /* State.swift in Sources */,
				BC9AF2C41CFF6BB6003AD818 /* ProcessingViewController.swift in Sources */,
				BC9AF2CA1D00F20B003AD818 /* AddressViewController.swift in Sources */,
				BCA6B5221D0F64110070B92C /* Settings.swift in Sources */,
				BCA6B4DA1D0206EA0070B92C /* DualBorderedViewCell.swift in Sources */,
				BCA6B51A1D09E5560070B92C /* CreditCardValidator.swift in Sources */,
				BCA6B5141D0777B50070B92C /* StringHexColor.swift in Sources */,
				BC9AF2CE1D00F28E003AD818 /* PaymentViewController.swift in Sources */,
				BCA6B4D81D0206C30070B92C /* BorderedViewCell.swift in Sources */,
			);
			runOnlyForDeploymentPostprocessing = 0;
		};
		BC9AF2AA1CFF6B32003AD818 /* Sources */ = {
			isa = PBXSourcesBuildPhase;
			buildActionMask = 2147483647;
			files = (
				BC9AF2B41CFF6B32003AD818 /* PayFormTests.swift in Sources */,
				BCA6B51C1D0A031E0070B92C /* CreditCardValidator.swift in Sources */,
				BCA6B5201D0B509D0070B92C /* EmailValidator.swift in Sources */,
			);
			runOnlyForDeploymentPostprocessing = 0;
		};
		BCA6B4DF1D021D730070B92C /* Sources */ = {
			isa = PBXSourcesBuildPhase;
			buildActionMask = 2147483647;
			files = (
				BCA6B50F1D023FCC0070B92C /* BorderedViewCell.swift in Sources */,
				BCA6B50D1D023FC40070B92C /* Address.swift in Sources */,
				BCA6B50E1D023FC80070B92C /* BorderedView.swift in Sources */,
				BCA6B50B1D023FBC0070B92C /* PaymentViewController.swift in Sources */,
				BCA6B4E81D021D730070B92C /* ViewController.swift in Sources */,
				BCA6B5101D023FD00070B92C /* DualBorderedViewCell.swift in Sources */,
				BCA6B5231D0F64110070B92C /* Settings.swift in Sources */,
				BCA6B51F1D0B4EAD0070B92C /* EmailValidator.swift in Sources */,
				BCA6B5091D023FB40070B92C /* PayFormViewController.swift in Sources */,
				BCA6B5081D023FB00070B92C /* NavigationController.swift in Sources */,
				BCA6B5261D11D4AF0070B92C /* State.swift in Sources */,
				BCA6B5121D023FD90070B92C /* NextStepCell.swift in Sources */,
				BCA6B5151D0777B50070B92C /* StringHexColor.swift in Sources */,
				BCA6B50A1D023FB80070B92C /* AddressViewController.swift in Sources */,
				BCA6B50C1D023FC00070B92C /* ProcessingViewController.swift in Sources */,
				BCA6B4E61D021D730070B92C /* AppDelegate.swift in Sources */,
				BCA6B5011D021E620070B92C /* PayButton.swift in Sources */,
				BCA6B5111D023FD40070B92C /* BillingIsSameViewCell.swift in Sources */,
				BCA6B51B1D09E5560070B92C /* CreditCardValidator.swift in Sources */,
			);
			runOnlyForDeploymentPostprocessing = 0;
		};
/* End PBXSourcesBuildPhase section */

/* Begin PBXTargetDependency section */
		BC9AF2B11CFF6B32003AD818 /* PBXTargetDependency */ = {
			isa = PBXTargetDependency;
			target = BC9AF2A31CFF6B31003AD818 /* PayForm */;
			targetProxy = BC9AF2B01CFF6B32003AD818 /* PBXContainerItemProxy */;
		};
/* End PBXTargetDependency section */

/* Begin PBXVariantGroup section */
		BC08BD631D231A300082445F /* Localizable.strings */ = {
			isa = PBXVariantGroup;
			children = (
				BC08BD621D231A300082445F /* en */,
				BC08BD641D231A330082445F /* fr-CA */,
			);
			name = Localizable.strings;
			sourceTree = "<group>";
		};
		BC08BD681D231B350082445F /* PayForm.storyboard */ = {
			isa = PBXVariantGroup;
			children = (
				BC08BD671D231B350082445F /* Base */,
				BC08BD6A1D231B390082445F /* fr-CA */,
			);
			name = PayForm.storyboard;
			sourceTree = "<group>";
		};
		BCA6B4E91D021D730070B92C /* Main.storyboard */ = {
			isa = PBXVariantGroup;
			children = (
				BCA6B4EA1D021D730070B92C /* Base */,
				BC08BD5D1D231A040082445F /* fr-CA */,
			);
			name = Main.storyboard;
			sourceTree = "<group>";
		};
		BCA6B4EE1D021D730070B92C /* LaunchScreen.storyboard */ = {
			isa = PBXVariantGroup;
			children = (
				BCA6B4EF1D021D730070B92C /* Base */,
				BC08BD5E1D231A040082445F /* fr-CA */,
			);
			name = LaunchScreen.storyboard;
			sourceTree = "<group>";
		};
/* End PBXVariantGroup section */

/* Begin XCBuildConfiguration section */
		BC9AF2B61CFF6B32003AD818 /* Debug */ = {
			isa = XCBuildConfiguration;
			buildSettings = {
				ALWAYS_SEARCH_USER_PATHS = NO;
				CLANG_ANALYZER_NONNULL = YES;
				CLANG_CXX_LANGUAGE_STANDARD = "gnu++0x";
				CLANG_CXX_LIBRARY = "libc++";
				CLANG_ENABLE_MODULES = YES;
				CLANG_ENABLE_OBJC_ARC = YES;
				CLANG_WARN_BOOL_CONVERSION = YES;
				CLANG_WARN_CONSTANT_CONVERSION = YES;
				CLANG_WARN_DIRECT_OBJC_ISA_USAGE = YES_ERROR;
				CLANG_WARN_EMPTY_BODY = YES;
				CLANG_WARN_ENUM_CONVERSION = YES;
				CLANG_WARN_INT_CONVERSION = YES;
				CLANG_WARN_OBJC_ROOT_CLASS = YES_ERROR;
				CLANG_WARN_UNREACHABLE_CODE = YES;
				CLANG_WARN__DUPLICATE_METHOD_MATCH = YES;
				"CODE_SIGN_IDENTITY[sdk=iphoneos*]" = "iPhone Developer";
				COPY_PHASE_STRIP = NO;
				CURRENT_PROJECT_VERSION = 1;
				DEBUG_INFORMATION_FORMAT = dwarf;
				ENABLE_STRICT_OBJC_MSGSEND = YES;
				ENABLE_TESTABILITY = YES;
				GCC_C_LANGUAGE_STANDARD = gnu99;
				GCC_DYNAMIC_NO_PIC = NO;
				GCC_NO_COMMON_BLOCKS = YES;
				GCC_OPTIMIZATION_LEVEL = 0;
				GCC_PREPROCESSOR_DEFINITIONS = (
					"DEBUG=1",
					"$(inherited)",
				);
				GCC_WARN_64_TO_32_BIT_CONVERSION = YES;
				GCC_WARN_ABOUT_RETURN_TYPE = YES_ERROR;
				GCC_WARN_UNDECLARED_SELECTOR = YES;
				GCC_WARN_UNINITIALIZED_AUTOS = YES_AGGRESSIVE;
				GCC_WARN_UNUSED_FUNCTION = YES;
				GCC_WARN_UNUSED_VARIABLE = YES;
				IPHONEOS_DEPLOYMENT_TARGET = 8.2;
				MTL_ENABLE_DEBUG_INFO = YES;
				ONLY_ACTIVE_ARCH = YES;
				SDKROOT = iphoneos;
				SWIFT_OPTIMIZATION_LEVEL = "-Onone";
				TARGETED_DEVICE_FAMILY = "1,2";
				VERSIONING_SYSTEM = "apple-generic";
				VERSION_INFO_PREFIX = "";
			};
			name = Debug;
		};
		BC9AF2B71CFF6B32003AD818 /* Release */ = {
			isa = XCBuildConfiguration;
			buildSettings = {
				ALWAYS_SEARCH_USER_PATHS = NO;
				CLANG_ANALYZER_NONNULL = YES;
				CLANG_CXX_LANGUAGE_STANDARD = "gnu++0x";
				CLANG_CXX_LIBRARY = "libc++";
				CLANG_ENABLE_MODULES = YES;
				CLANG_ENABLE_OBJC_ARC = YES;
				CLANG_WARN_BOOL_CONVERSION = YES;
				CLANG_WARN_CONSTANT_CONVERSION = YES;
				CLANG_WARN_DIRECT_OBJC_ISA_USAGE = YES_ERROR;
				CLANG_WARN_EMPTY_BODY = YES;
				CLANG_WARN_ENUM_CONVERSION = YES;
				CLANG_WARN_INT_CONVERSION = YES;
				CLANG_WARN_OBJC_ROOT_CLASS = YES_ERROR;
				CLANG_WARN_UNREACHABLE_CODE = YES;
				CLANG_WARN__DUPLICATE_METHOD_MATCH = YES;
				"CODE_SIGN_IDENTITY[sdk=iphoneos*]" = "iPhone Developer";
				COPY_PHASE_STRIP = NO;
				CURRENT_PROJECT_VERSION = 1;
				DEBUG_INFORMATION_FORMAT = "dwarf-with-dsym";
				ENABLE_NS_ASSERTIONS = NO;
				ENABLE_STRICT_OBJC_MSGSEND = YES;
				GCC_C_LANGUAGE_STANDARD = gnu99;
				GCC_NO_COMMON_BLOCKS = YES;
				GCC_WARN_64_TO_32_BIT_CONVERSION = YES;
				GCC_WARN_ABOUT_RETURN_TYPE = YES_ERROR;
				GCC_WARN_UNDECLARED_SELECTOR = YES;
				GCC_WARN_UNINITIALIZED_AUTOS = YES_AGGRESSIVE;
				GCC_WARN_UNUSED_FUNCTION = YES;
				GCC_WARN_UNUSED_VARIABLE = YES;
				IPHONEOS_DEPLOYMENT_TARGET = 8.2;
				MTL_ENABLE_DEBUG_INFO = NO;
				SDKROOT = iphoneos;
				TARGETED_DEVICE_FAMILY = "1,2";
				VALIDATE_PRODUCT = YES;
				VERSIONING_SYSTEM = "apple-generic";
				VERSION_INFO_PREFIX = "";
			};
			name = Release;
		};
		BC9AF2B91CFF6B32003AD818 /* Debug */ = {
			isa = XCBuildConfiguration;
			buildSettings = {
				CLANG_ENABLE_MODULES = YES;
				DEFINES_MODULE = YES;
				DYLIB_COMPATIBILITY_VERSION = 1;
				DYLIB_CURRENT_VERSION = 1;
				DYLIB_INSTALL_NAME_BASE = "@rpath";
				INFOPLIST_FILE = PayForm/Info.plist;
				INSTALL_PATH = "$(LOCAL_LIBRARY_DIR)/Frameworks";
				LD_RUNPATH_SEARCH_PATHS = "$(inherited) @executable_path/Frameworks @loader_path/Frameworks";
				PRODUCT_BUNDLE_IDENTIFIER = com.beanstream.PayForm;
				PRODUCT_NAME = "$(TARGET_NAME)";
				SKIP_INSTALL = YES;
				SWIFT_OPTIMIZATION_LEVEL = "-Onone";
			};
			name = Debug;
		};
		BC9AF2BA1CFF6B32003AD818 /* Release */ = {
			isa = XCBuildConfiguration;
			buildSettings = {
				CLANG_ENABLE_MODULES = YES;
				DEFINES_MODULE = YES;
				DYLIB_COMPATIBILITY_VERSION = 1;
				DYLIB_CURRENT_VERSION = 1;
				DYLIB_INSTALL_NAME_BASE = "@rpath";
				INFOPLIST_FILE = PayForm/Info.plist;
				INSTALL_PATH = "$(LOCAL_LIBRARY_DIR)/Frameworks";
				LD_RUNPATH_SEARCH_PATHS = "$(inherited) @executable_path/Frameworks @loader_path/Frameworks";
				PRODUCT_BUNDLE_IDENTIFIER = com.beanstream.PayForm;
				PRODUCT_NAME = "$(TARGET_NAME)";
				SKIP_INSTALL = YES;
			};
			name = Release;
		};
		BC9AF2BC1CFF6B32003AD818 /* Debug */ = {
			isa = XCBuildConfiguration;
			buildSettings = {
				INFOPLIST_FILE = PayFormTests/Info.plist;
				LD_RUNPATH_SEARCH_PATHS = "$(inherited) @executable_path/Frameworks @loader_path/Frameworks";
				PRODUCT_BUNDLE_IDENTIFIER = com.beanstream.PayFormTests;
				PRODUCT_NAME = "$(TARGET_NAME)";
			};
			name = Debug;
		};
		BC9AF2BD1CFF6B32003AD818 /* Release */ = {
			isa = XCBuildConfiguration;
			buildSettings = {
				INFOPLIST_FILE = PayFormTests/Info.plist;
				LD_RUNPATH_SEARCH_PATHS = "$(inherited) @executable_path/Frameworks @loader_path/Frameworks";
				PRODUCT_BUNDLE_IDENTIFIER = com.beanstream.PayFormTests;
				PRODUCT_NAME = "$(TARGET_NAME)";
			};
			name = Release;
		};
		BCA6B4F31D021D730070B92C /* Debug */ = {
			isa = XCBuildConfiguration;
			buildSettings = {
				ASSETCATALOG_COMPILER_APPICON_NAME = AppIcon;
				CODE_SIGN_IDENTITY = "iPhone Developer";
				"CODE_SIGN_IDENTITY[sdk=iphoneos*]" = "iPhone Developer";
				INFOPLIST_FILE = PayFormDemo/Info.plist;
				LD_RUNPATH_SEARCH_PATHS = "$(inherited) @executable_path/Frameworks";
				PRODUCT_BUNDLE_IDENTIFIER = com.beanstream.PayFormDemo;
				PRODUCT_NAME = "$(TARGET_NAME)";
				PROVISIONING_PROFILE = "";
			};
			name = Debug;
		};
		BCA6B4F41D021D730070B92C /* Release */ = {
			isa = XCBuildConfiguration;
			buildSettings = {
				ASSETCATALOG_COMPILER_APPICON_NAME = AppIcon;
				CODE_SIGN_IDENTITY = "iPhone Developer";
				"CODE_SIGN_IDENTITY[sdk=iphoneos*]" = "iPhone Developer";
				INFOPLIST_FILE = PayFormDemo/Info.plist;
				LD_RUNPATH_SEARCH_PATHS = "$(inherited) @executable_path/Frameworks";
				PRODUCT_BUNDLE_IDENTIFIER = com.beanstream.PayFormDemo;
				PRODUCT_NAME = "$(TARGET_NAME)";
				PROVISIONING_PROFILE = "";
			};
			name = Release;
		};
/* End XCBuildConfiguration section */

/* Begin XCConfigurationList section */
		BC9AF29E1CFF6B31003AD818 /* Build configuration list for PBXProject "PayForm" */ = {
			isa = XCConfigurationList;
			buildConfigurations = (
				BC9AF2B61CFF6B32003AD818 /* Debug */,
				BC9AF2B71CFF6B32003AD818 /* Release */,
			);
			defaultConfigurationIsVisible = 0;
			defaultConfigurationName = Release;
		};
		BC9AF2B81CFF6B32003AD818 /* Build configuration list for PBXNativeTarget "PayForm" */ = {
			isa = XCConfigurationList;
			buildConfigurations = (
				BC9AF2B91CFF6B32003AD818 /* Debug */,
				BC9AF2BA1CFF6B32003AD818 /* Release */,
			);
			defaultConfigurationIsVisible = 0;
			defaultConfigurationName = Release;
		};
		BC9AF2BB1CFF6B32003AD818 /* Build configuration list for PBXNativeTarget "PayFormTests" */ = {
			isa = XCConfigurationList;
			buildConfigurations = (
				BC9AF2BC1CFF6B32003AD818 /* Debug */,
				BC9AF2BD1CFF6B32003AD818 /* Release */,
			);
			defaultConfigurationIsVisible = 0;
			defaultConfigurationName = Release;
		};
		BCA6B4F21D021D730070B92C /* Build configuration list for PBXNativeTarget "PayFormDemo" */ = {
			isa = XCConfigurationList;
			buildConfigurations = (
				BCA6B4F31D021D730070B92C /* Debug */,
				BCA6B4F41D021D730070B92C /* Release */,
			);
			defaultConfigurationIsVisible = 0;
			defaultConfigurationName = Release;
		};
/* End XCConfigurationList section */
	};
	rootObject = BC9AF29B1CFF6B31003AD818 /* Project object */;
}
